<?xml version="1.0" encoding="UTF-8"?>
<CONFIG>
  <ProjectOptions>
    <Version Value="9"/>
    <PathDelim Value="\"/>
    <General>
      <SessionStorage Value="InProjectDir"/>
      <MainUnit Value="0"/>
      <Title Value="EdiSyn"/>
      <UseXPManifest Value="True"/>
      <Icon Value="0"/>
    </General>
    <i18n>
      <EnableI18N LFM="False"/>
    </i18n>
    <VersionInfo>
      <UseVersionInfo Value="True"/>
      <MinorVersionNr Value="52"/>
      <StringTable Comments="Your friendly Editor" InternalName="EdiSyn" OriginalFilename="EdiSyn" ProductName="EdiSyn" ProductVersion=""/>
    </VersionInfo>
    <BuildModes Count="1">
      <Item1 Name="Default" Default="True"/>
    </BuildModes>
    <PublishOptions>
      <Version Value="2"/>
      <DestinationDirectory Value="$(ProjPath)/published/"/>
      <IncludeFileFilter Value="*.(pas|pp|inc|lfm|lpr|lrs|lpi|lpk|sh|xml)"/>
      <ExcludeFileFilter Value="*.(bak|ppu|o|so);*~;backup"/>
    </PublishOptions>
    <RunParams>
      <local>
        <FormatVersion Value="1"/>
      </local>
    </RunParams>
    <RequiredPackages Count="2">
      <Item1>
        <PackageName Value="SynEdit"/>
      </Item1>
      <Item2>
        <PackageName Value="LCL"/>
      </Item2>
    </RequiredPackages>
    <Units Count="17">
      <Unit0>
        <Filename Value="EdiSyn.lpr"/>
        <IsPartOfProject Value="True"/>
        <UnitName Value="EdiSyn"/>
      </Unit0>
      <Unit1>
        <Filename Value="mainunit.pas"/>
        <IsPartOfProject Value="True"/>
        <ComponentName Value="MainWindow"/>
        <HasResources Value="True"/>
        <ResourceBaseClass Value="Form"/>
        <UnitName Value="MainUnit"/>
      </Unit1>
      <Unit2>
        <Filename Value="gotlineunit.pas"/>
        <IsPartOfProject Value="True"/>
        <ComponentName Value="GoToLineWin"/>
        <HasResources Value="True"/>
        <ResourceBaseClass Value="Form"/>
        <UnitName Value="GotLineUnit"/>
      </Unit2>
      <Unit3>
        <Filename Value="searchreplaceunit.pas"/>
        <IsPartOfProject Value="True"/>
        <ComponentName Value="SearchReplaceWin"/>
        <HasResources Value="True"/>
        <ResourceBaseClass Value="Form"/>
        <UnitName Value="SearchReplaceUnit"/>
      </Unit3>
      <Unit4>
        <Filename Value="replacerequnit.pas"/>
        <IsPartOfProject Value="True"/>
        <ComponentName Value="ReplaceRequest"/>
        <HasResources Value="True"/>
        <ResourceBaseClass Value="Form"/>
        <UnitName Value="ReplaceReqUnit"/>
      </Unit4>
      <Unit5>
        <Filename Value="prefsunit.pas"/>
        <IsPartOfProject Value="True"/>
        <UnitName Value="PrefsUnit"/>
      </Unit5>
      <Unit6>
        <Filename Value="frameunit.pas"/>
        <IsPartOfProject Value="True"/>
        <ComponentName Value="EditorFrame"/>
        <HasResources Value="True"/>
        <ResourceBaseClass Value="Frame"/>
        <UnitName Value="FrameUnit"/>
      </Unit6>
      <Unit7>
        <Filename Value="mikrostatunit.pas"/>
        <IsPartOfProject Value="True"/>
        <ComponentName Value="MikroStatus"/>
        <HasResources Value="True"/>
        <ResourceBaseClass Value="Frame"/>
        <UnitName Value="MikroStatUnit"/>
      </Unit7>
      <Unit8>
        <Filename Value="ATTabs.pas"/>
        <IsPartOfProject Value="True"/>
        <UnitName Value="ATTabs"/>
      </Unit8>
      <Unit9>
        <Filename Value="aboutunit.pas"/>
        <IsPartOfProject Value="True"/>
        <ComponentName Value="AboutForm"/>
        <HasResources Value="True"/>
        <ResourceBaseClass Value="Form"/>
        <UnitName Value="AboutUnit"/>
      </Unit9>
      <Unit10>
        <Filename Value="searchallunit.pas"/>
        <IsPartOfProject Value="True"/>
        <ComponentName Value="SearchAllForm"/>
        <HasResources Value="True"/>
        <ResourceBaseClass Value="Form"/>
        <UnitName Value="SearchAllUnit"/>
      </Unit10>
      <Unit11>
        <Filename Value="searchallresultsunit.pas"/>
        <IsPartOfProject Value="True"/>
        <ComponentName Value="SearchResultsWin"/>
        <HasResources Value="True"/>
        <ResourceBaseClass Value="Form"/>
        <UnitName Value="SearchAllResultsUnit"/>
      </Unit11>
      <Unit12>
        <Filename Value="prefswinunit.pas"/>
        <IsPartOfProject Value="True"/>
        <ComponentName Value="PrefsWin"/>
        <HasResources Value="True"/>
        <ResourceBaseClass Value="Form"/>
        <UnitName Value="PrefsWinUnit"/>
      </Unit12>
      <Unit13>
        <Filename Value="startprogunit.pas"/>
        <IsPartOfProject Value="True"/>
        <UnitName Value="StartProgUnit"/>
      </Unit13>
      <Unit14>
        <Filename Value="outputunit.pas"/>
        <IsPartOfProject Value="True"/>
        <ComponentName Value="OutWindow"/>
        <HasResources Value="True"/>
        <ResourceBaseClass Value="Form"/>
        <UnitName Value="OutPutUnit"/>
      </Unit14>
      <Unit15>
        <Filename Value="syntaxmanagement.pas"/>
        <IsPartOfProject Value="True"/>
        <UnitName Value="SyntaxManagement"/>
      </Unit15>
      <Unit16>
        <Filename Value="SyntaxDeclarations.inc"/>
        <IsPartOfProject Value="True"/>
      </Unit16>
    </Units>
  </ProjectOptions>
  <CompilerOptions>
    <Version Value="11"/>
    <Target>
      <Filename Value="EdiSynLinux"/>
    </Target>
    <SearchPaths>
      <IncludeFiles Value="$(ProjOutDir)"/>
      <OtherUnitFiles Value="SynFacil"/>
      <UnitOutputDirectory Value="lib/$(TargetCPU)-$(TargetOS)"/>
    </SearchPaths>
    <Other>
      <CompilerMessages>
        <MsgFileName Value=""/>
      </CompilerMessages>
      <CompilerPath Value="$(CompPath)"/>
    </Other>
  </CompilerOptions>
</CONFIG>
